
Microsoft Visual Studio Solution File, Format Version 12.00
# Visual Studio Version 17
VisualStudioVersion = 17.7.34031.279
MinimumVisualStudioVersion = 10.0.40219.1
Project("{FAE04EC0-301F-11D3-BF4B-00C04F79EFBC}") = "lab5Chernyshenko1", "lab5Chernyshenko1\lab5Chernyshenko1.csproj", "{34A098A0-5D3C-4A60-A645-D050E592D33A}"
EndProject
Global
	GlobalSection(SolutionConfigurationPlatforms) = preSolution
		Debug|Any CPU = Debug|Any CPU
		Release|Any CPU = Release|Any CPU
	EndGlobalSection
	GlobalSection(ProjectConfigurationPlatforms) = postSolution
		{34A098A0-5D3C-4A60-A645-D050E592D33A}.Debug|Any CPU.ActiveCfg = Debug|Any CPU
		{34A098A0-5D3C-4A60-A645-D050E592D33A}.Debug|Any CPU.Build.0 = Debug|Any CPU
		{34A098A0-5D3C-4A60-A645-D050E592D33A}.Release|Any CPU.ActiveCfg = Release|Any CPU
		{34A098A0-5D3C-4A60-A645-D050E592D33A}.Release|Any CPU.Build.0 = Release|Any CPU
	EndGlobalSection
	GlobalSection(SolutionProperties) = preSolution
		HideSolutionNode = FALSE
	EndGlobalSection
	GlobalSection(ExtensibilityGlobals) = postSolution
		SolutionGuid = {E57810D8-7F6C-40D3-8D4F-893D2694AEA7}
	EndGlobalSection
EndGlobal
